// !$*UTF8*$!
{
	archiveVersion = 1;
	classes = {
	};
	objectVersion = 46;
	objects = {

/* Begin PBXBuildFile section */
		7C0B1BCF1E608DC600E4927E /* AppDelegate.swift in Sources */ = {isa = PBXBuildFile; fileRef = 7C0B1BCE1E608DC600E4927E /* AppDelegate.swift */; };
		7C0B1BD11E608DC600E4927E /* MapViewController.swift in Sources */ = {isa = PBXBuildFile; fileRef = 7C0B1BD01E608DC600E4927E /* MapViewController.swift */; };
		7C0B1BD41E608DC600E4927E /* Main.storyboard in Resources */ = {isa = PBXBuildFile; fileRef = 7C0B1BD21E608DC600E4927E /* Main.storyboard */; };
		7C0B1BD61E608DC600E4927E /* Assets.xcassets in Resources */ = {isa = PBXBuildFile; fileRef = 7C0B1BD51E608DC600E4927E /* Assets.xcassets */; };
		7C0B1BD91E608DC600E4927E /* LaunchScreen.storyboard in Resources */ = {isa = PBXBuildFile; fileRef = 7C0B1BD71E608DC600E4927E /* LaunchScreen.storyboard */; };
		C03D23B21E7AF4790091CEE1 /* MapManager.swift in Sources */ = {isa = PBXBuildFile; fileRef = C03D23B11E7AF4790091CEE1 /* MapManager.swift */; };
		C03D23B41E7AF48E0091CEE1 /* APIManager.swift in Sources */ = {isa = PBXBuildFile; fileRef = C03D23B31E7AF48E0091CEE1 /* APIManager.swift */; };
/* End PBXBuildFile section */

/* Begin PBXFileReference section */
		7C0B1BCB1E608DC600E4927E /* SwiftMapRequest.app */ = {isa = PBXFileReference; explicitFileType = wrapper.application; includeInIndex = 0; path = SwiftMapRequest.app; sourceTree = BUILT_PRODUCTS_DIR; };
		7C0B1BCE1E608DC600E4927E /* AppDelegate.swift */ = {isa = PBXFileReference; lastKnownFileType = sourcecode.swift; path = AppDelegate.swift; sourceTree = "<group>"; };
		7C0B1BD01E608DC600E4927E /* MapViewController.swift */ = {isa = PBXFileReference; lastKnownFileType = sourcecode.swift; path = MapViewController.swift; sourceTree = "<group>"; };
		7C0B1BD31E608DC600E4927E /* Base */ = {isa = PBXFileReference; lastKnownFileType = file.storyboard; name = Base; path = Base.lproj/Main.storyboard; sourceTree = "<group>"; };
		7C0B1BD51E608DC600E4927E /* Assets.xcassets */ = {isa = PBXFileReference; lastKnownFileType = folder.assetcatalog; path = Assets.xcassets; sourceTree = "<group>"; };
		7C0B1BD81E608DC600E4927E /* Base */ = {isa = PBXFileReference; lastKnownFileType = file.storyboard; name = Base; path = Base.lproj/LaunchScreen.storyboard; sourceTree = "<group>"; };
		7C0B1BDA1E608DC600E4927E /* Info.plist */ = {isa = PBXFileReference; lastKnownFileType = text.plist.xml; path = Info.plist; sourceTree = "<group>"; };
		C03D23B11E7AF4790091CEE1 /* MapManager.swift */ = {isa = PBXFileReference; fileEncoding = 4; lastKnownFileType = sourcecode.swift; path = MapManager.swift; sourceTree = "<group>"; };
		C03D23B31E7AF48E0091CEE1 /* APIManager.swift */ = {isa = PBXFileReference; fileEncoding = 4; lastKnownFileType = sourcecode.swift; path = APIManager.swift; sourceTree = "<group>"; };
/* End PBXFileReference section */

/* Begin PBXFrameworksBuildPhase section */
		7C0B1BC81E608DC600E4927E /* Frameworks */ = {
			isa = PBXFrameworksBuildPhase;
			buildActionMask = 2147483647;
			files = (
			);
			runOnlyForDeploymentPostprocessing = 0;
		};
/* End PBXFrameworksBuildPhase section */

/* Begin PBXGroup section */
		7C0B1BC21E608DC600E4927E = {
			isa = PBXGroup;
			children = (
				7C0B1BCD1E608DC600E4927E /* SwiftMapRequest */,
				7C0B1BCC1E608DC600E4927E /* Products */,
			);
			sourceTree = "<group>";
		};
		7C0B1BCC1E608DC600E4927E /* Products */ = {
			isa = PBXGroup;
			children = (
				7C0B1BCB1E608DC600E4927E /* SwiftMapRequest.app */,
			);
			name = Products;
			sourceTree = "<group>";
		};
		7C0B1BCD1E608DC600E4927E /* SwiftMapRequest */ = {
			isa = PBXGroup;
			children = (
				7C0B1BCE1E608DC600E4927E /* AppDelegate.swift */,
				C03D23B01E7AF1080091CEE1 /* Controller */,
				C03D23AF1E7AF0F80091CEE1 /* View */,
				C03D23AE1E7AF0EC0091CEE1 /* Modal */,
				C03D23B11E7AF4790091CEE1 /* MapManager.swift */,
				C03D23B31E7AF48E0091CEE1 /* APIManager.swift */,
			);
			path = SwiftMapRequest;
			sourceTree = "<group>";
		};
		C03D23AE1E7AF0EC0091CEE1 /* Modal */ = {
			isa = PBXGroup;
			children = (
				7C0B1BD01E608DC600E4927E /* MapViewController.swift */,
				7C0B1BD51E608DC600E4927E /* Assets.xcassets */,
				7C0B1BDA1E608DC600E4927E /* Info.plist */,
			);
			name = Modal;
			sourceTree = "<group>";
		};
		C03D23AF1E7AF0F80091CEE1 /* View */ = {
			isa = PBXGroup;
			children = (
				7C0B1BD71E608DC600E4927E /* LaunchScreen.storyboard */,
				7C0B1BD21E608DC600E4927E /* Main.storyboard */,
			);
			name = View;
			sourceTree = "<group>";
		};
		C03D23B01E7AF1080091CEE1 /* Controller */ = {
			isa = PBXGroup;
			children = (
			);
			name = Controller;
			sourceTree = "<group>";
		};
/* End PBXGroup section */

/* Begin PBXNativeTarget section */
		7C0B1BCA1E608DC600E4927E /* SwiftMapRequest */ = {
			isa = PBXNativeTarget;
			buildConfigurationList = 7C0B1BDD1E608DC600E4927E /* Build configuration list for PBXNativeTarget "SwiftMapRequest" */;
			buildPhases = (
				7C0B1BC71E608DC600E4927E /* Sources */,
				7C0B1BC81E608DC600E4927E /* Frameworks */,
				7C0B1BC91E608DC600E4927E /* Resources */,
			);
			buildRules = (
			);
			dependencies = (
			);
			name = SwiftMapRequest;
			productName = SwiftMapRequest;
			productReference = 7C0B1BCB1E608DC600E4927E /* SwiftMapRequest.app */;
			productType = "com.apple.product-type.application";
		};
/* End PBXNativeTarget section */

/* Begin PBXProject section */
		7C0B1BC31E608DC600E4927E /* Project object */ = {
			isa = PBXProject;
			attributes = {
				LastSwiftUpdateCheck = 0820;
				LastUpgradeCheck = 0820;
				ORGANIZATIONNAME = com.personal.ildar;
				TargetAttributes = {
					7C0B1BCA1E608DC600E4927E = {
						CreatedOnToolsVersion = 8.2.1;
						DevelopmentTeam = 6F5JN764XD;
						ProvisioningStyle = Automatic;
					};
				};
			};
			buildConfigurationList = 7C0B1BC61E608DC600E4927E /* Build configuration list for PBXProject "SwiftMapRequest" */;
			compatibilityVersion = "Xcode 3.2";
			developmentRegion = English;
			hasScannedForEncodings = 0;
			knownRegions = (
				en,
				Base,
			);
			mainGroup = 7C0B1BC21E608DC600E4927E;
			productRefGroup = 7C0B1BCC1E608DC600E4927E /* Products */;
			projectDirPath = "";
			projectRoot = "";
			targets = (
				7C0B1BCA1E608DC600E4927E /* SwiftMapRequest */,
			);
		};
/* End PBXProject section */

/* Begin PBXResourcesBuildPhase section */
		7C0B1BC91E608DC600E4927E /* Resources */ = {
			isa = PBXResourcesBuildPhase;
			buildActionMask = 2147483647;
			files = (
				7C0B1BD91E608DC600E4927E /* LaunchScreen.storyboard in Resources */,
				7C0B1BD61E608DC600E4927E /* Assets.xcassets in Resources */,
				7C0B1BD41E608DC600E4927E /* Main.storyboard in Resources */,
			);
			runOnlyForDeploymentPostprocessing = 0;
		};
/* End PBXResourcesBuildPhase section */

/* Begin PBXSourcesBuildPhase section */
		7C0B1BC71E608DC600E4927E /* Sources */ = {
			isa = PBXSourcesBuildPhase;
			buildActionMask = 2147483647;
			files = (
				C03D23B41E7AF48E0091CEE1 /* APIManager.swift in Sources */,
				7C0B1BD11E608DC600E4927E /* MapViewController.swift in Sources */,
				C03D23B21E7AF4790091CEE1 /* MapManager.swift in Sources */,
				7C0B1BCF1E608DC600E4927E /* AppDelegate.swift in Sources */,
			);
			runOnlyForDeploymentPostprocessing = 0;
		};
/* End PBXSourcesBuildPhase section */

/* Begin PBXVariantGroup section */
		7C0B1BD21E608DC600E4927E /* Main.storyboard */ = {
			isa = PBXVariantGroup;
			children = (
				7C0B1BD31E608DC600E4927E /* Base */,
			);
			name = Main.storyboard;
			sourceTree = "<group>";
		};
		7C0B1BD71E608DC600E4927E /* LaunchScreen.storyboard */ = {
			isa = PBXVariantGroup;
			children = (
				7C0B1BD81E608DC600E4927E /* Base */,
			);
			name = LaunchScreen.storyboard;
			sourceTree = "<group>";
		};
/* End PBXVariantGroup section */

/* Begin XCBuildConfiguration section */
		7C0B1BDB1E608DC600E4927E /* Debug */ = {
			isa = XCBuildConfiguration;
			buildSettings = {
				ALWAYS_SEARCH_USER_PATHS = NO;
				CLANG_ANALYZER_NONNULL = YES;
				CLANG_CXX_LANGUAGE_STANDARD = "gnu++0x";
				CLANG_CXX_LIBRARY = "libc++";
				CLANG_ENABLE_MODULES = YES;
				CLANG_ENABLE_OBJC_ARC = YES;
				CLANG_WARN_BOOL_CONVERSION = YES;
				CLANG_WARN_CONSTANT_CONVERSION = YES;
				CLANG_WARN_DIRECT_OBJC_ISA_USAGE = YES_ERROR;
				CLANG_WARN_DOCUMENTATION_COMMENTS = YES;
				CLANG_WARN_EMPTY_BODY = YES;
				CLANG_WARN_ENUM_CONVERSION = YES;
				CLANG_WARN_INFINITE_RECURSION = YES;
				CLANG_WARN_INT_CONVERSION = YES;
				CLANG_WARN_OBJC_ROOT_CLASS = YES_ERROR;
				CLANG_WARN_SUSPICIOUS_MOVE = YES;
				CLANG_WARN_UNREACHABLE_CODE = YES;
				CLANG_WARN__DUPLICATE_METHOD_MATCH = YES;
				"CODE_SIGN_IDENTITY[sdk=iphoneos*]" = "iPhone Developer";
				COPY_PHASE_STRIP = NO;
				DEBUG_INFORMATION_FORMAT = dwarf;
				ENABLE_STRICT_OBJC_MSGSEND = YES;
				ENABLE_TESTABILITY = YES;
				GCC_C_LANGUAGE_STANDARD = gnu99;
				GCC_DYNAMIC_NO_PIC = NO;
				GCC_NO_COMMON_BLOCKS = YES;
				GCC_OPTIMIZATION_LEVEL = 0;
				GCC_PREPROCESSOR_DEFINITIONS = (
					"DEBUG=1",
					"$(inherited)",
				);
				GCC_WARN_64_TO_32_BIT_CONVERSION = YES;
				GCC_WARN_ABOUT_RETURN_TYPE = YES_ERROR;
				GCC_WARN_UNDECLARED_SELECTOR = YES;
				GCC_WARN_UNINITIALIZED_AUTOS = YES_AGGRESSIVE;
				GCC_WARN_UNUSED_FUNCTION = YES;
				GCC_WARN_UNUSED_VARIABLE = YES;
				IPHONEOS_DEPLOYMENT_TARGET = 10.2;
				MTL_ENABLE_DEBUG_INFO = YES;
				ONLY_ACTIVE_ARCH = YES;
				SDKROOT = iphoneos;
				SWIFT_ACTIVE_COMPILATION_CONDITIONS = DEBUG;
				SWIFT_OPTIMIZATION_LEVEL = "-Onone";
				TARGETED_DEVICE_FAMILY = "1,2";
			};
			name = Debug;
		};
		7C0B1BDC1E608DC600E4927E /* Release */ = {
			isa = XCBuildConfiguration;
			buildSettings = {
				ALWAYS_SEARCH_USER_PATHS = NO;
				CLANG_ANALYZER_NONNULL = YES;
				CLANG_CXX_LANGUAGE_STANDARD = "gnu++0x";
				CLANG_CXX_LIBRARY = "libc++";
				CLANG_ENABLE_MODULES = YES;
				CLANG_ENABLE_OBJC_ARC = YES;
				CLANG_WARN_BOOL_CONVERSION = YES;
				CLANG_WARN_CONSTANT_CONVERSION = YES;
				CLANG_WARN_DIRECT_OBJC_ISA_USAGE = YES_ERROR;
				CLANG_WARN_DOCUMENTATION_COMMENTS = YES;
				CLANG_WARN_EMPTY_BODY = YES;
				CLANG_WARN_ENUM_CONVERSION = YES;
				CLANG_WARN_INFINITE_RECURSION = YES;
				CLANG_WARN_INT_CONVERSION = YES;
				CLANG_WARN_OBJC_ROOT_CLASS = YES_ERROR;
				CLANG_WARN_SUSPICIOUS_MOVE = YES;
				CLANG_WARN_UNREACHABLE_CODE = YES;
				CLANG_WARN__DUPLICATE_METHOD_MATCH = YES;
				"CODE_SIGN_IDENTITY[sdk=iphoneos*]" = "iPhone Developer";
				COPY_PHASE_STRIP = NO;
				DEBUG_INFORMATION_FORMAT = "dwarf-with-dsym";
				ENABLE_NS_ASSERTIONS = NO;
				ENABLE_STRICT_OBJC_MSGSEND = YES;
				GCC_C_LANGUAGE_STANDARD = gnu99;
				GCC_NO_COMMON_BLOCKS = YES;
				GCC_WARN_64_TO_32_BIT_CONVERSION = YES;
				GCC_WARN_ABOUT_RETURN_TYPE = YES_ERROR;
				GCC_WARN_UNDECLARED_SELECTOR = YES;
				GCC_WARN_UNINITIALIZED_AUTOS = YES_AGGRESSIVE;
				GCC_WARN_UNUSED_FUNCTION = YES;
				GCC_WARN_UNUSED_VARIABLE = YES;
				IPHONEOS_DEPLOYMENT_TARGET = 10.2;
				MTL_ENABLE_DEBUG_INFO = NO;
				SDKROOT = iphoneos;
				SWIFT_OPTIMIZATION_LEVEL = "-Owholemodule";
				TARGETED_DEVICE_FAMILY = "1,2";
				VALIDATE_PRODUCT = YES;
			};
			name = Release;
		};
		7C0B1BDE1E608DC600E4927E /* Debug */ = {
			isa = XCBuildConfiguration;
			buildSettings = {
				ASSETCATALOG_COMPILER_APPICON_NAME = AppIcon;
				DEVELOPMENT_TEAM = 6F5JN764XD;
				INFOPLIST_FILE = SwiftMapRequest/Info.plist;
				LD_RUNPATH_SEARCH_PATHS = "$(inherited) @executable_path/Frameworks";
				PRODUCT_BUNDLE_IDENTIFIER = com.personal.SwiftMapRequest;
				PRODUCT_NAME = "$(TARGET_NAME)";
				SWIFT_VERSION = 3.0;
			};
			name = Debug;
		};
		7C0B1BDF1E608DC600E4927E /* Release */ = {
			isa = XCBuildConfiguration;
			buildSettings = {
				ASSETCATALOG_COMPILER_APPICON_NAME = AppIcon;
				DEVELOPMENT_TEAM = 6F5JN764XD;
				INFOPLIST_FILE = SwiftMapRequest/Info.plist;
				LD_RUNPATH_SEARCH_PATHS = "$(inherited) @executable_path/Frameworks";
				PRODUCT_BUNDLE_IDENTIFIER = com.personal.SwiftMapRequest;
				PRODUCT_NAME = "$(TARGET_NAME)";
				SWIFT_VERSION = 3.0;
			};
			name = Release;
		};
/* End XCBuildConfiguration section */

/* Begin XCConfigurationList section */
		7C0B1BC61E608DC600E4927E /* Build configuration list for PBXProject "SwiftMapRequest" */ = {
			isa = XCConfigurationList;
			buildConfigurations = (
				7C0B1BDB1E608DC600E4927E /* Debug */,
				7C0B1BDC1E608DC600E4927E /* Release */,
			);
			defaultConfigurationIsVisible = 0;
			defaultConfigurationName = Release;
		};
		7C0B1BDD1E608DC600E4927E /* Build configuration list for PBXNativeTarget "SwiftMapRequest" */ = {
			isa = XCConfigurationList;
			buildConfigurations = (
				7C0B1BDE1E608DC600E4927E /* Debug */,
				7C0B1BDF1E608DC600E4927E /* Release */,
			);
			defaultConfigurationIsVisible = 0;
			defaultConfigurationName = Release;
		};
/* End XCConfigurationList section */
	};
	rootObject = 7C0B1BC31E608DC600E4927E /* Project object */;
}
